
Microsoft Visual Studio Solution File, Format Version 12.00
# Visual Studio Version 17
VisualStudioVersion = 17.1.32210.238
MinimumVisualStudioVersion = 10.0.40219.1
Project("{9A19103F-16F7-4668-BE54-9A1E7A4F7556}") = "JDC", "JDC\JDC.csproj", "{6013BDE3-B3A3-4DD9-A156-01D62C058AFC}"
EndProject
Project("{9A19103F-16F7-4668-BE54-9A1E7A4F7556}") = "JDC.DataAccess", "JDC.DataAccess\JDC.DataAccess.csproj", "{DC188937-DEDD-4056-947D-08A5B9E9B7F1}"
	ProjectSection(ProjectDependencies) = postProject
		{9540D405-2414-4E54-B70A-B626655D1FBE} = {9540D405-2414-4E54-B70A-B626655D1FBE}
	EndProjectSection
EndProject
Project("{2150E333-8FDC-42A3-9474-1A3956D46DE8}") = "Solution Items", "Solution Items", "{BB24865D-5FD9-4E51-A0D9-078A6E68CCCB}"
	ProjectSection(SolutionItems) = preProject
		.editorconfig = .editorconfig
		code-analysis.ruleset = code-analysis.ruleset
		README-RU.md = README-RU.md
		README.md = README.md
		stylecop.json = stylecop.json
	EndProjectSection
EndProject
Project("{9A19103F-16F7-4668-BE54-9A1E7A4F7556}") = "JDC.BusinessLogic", "JDC.BusinessLogic\JDC.BusinessLogic.csproj", "{772A0BDA-2A4F-472F-8F92-C75C02CDE102}"
EndProject
Project("{9A19103F-16F7-4668-BE54-9A1E7A4F7556}") = "JDC.Dependencies", "JDC.DependencyInjection\JDC.Dependencies.csproj", "{7DA9A023-E5E5-44B1-B9B1-565518F9CF25}"
EndProject
Project("{9A19103F-16F7-4668-BE54-9A1E7A4F7556}") = "JDC.Common", "JDC.Common\JDC.Common.csproj", "{9540D405-2414-4E54-B70A-B626655D1FBE}"
EndProject
Project("{9A19103F-16F7-4668-BE54-9A1E7A4F7556}") = "JDC.UnitTests", "JDC.UnitTests\JDC.UnitTests.csproj", "{11FBB0F7-F0B0-4B7C-8F36-00E9F5282691}"
EndProject
Project("{2150E333-8FDC-42A3-9474-1A3956D46DE8}") = "src", "src", "{9D4C8490-9CD4-4012-9EC1-47371374BADC}"
EndProject
Project("{2150E333-8FDC-42A3-9474-1A3956D46DE8}") = "tests", "tests", "{BDC3DB0D-C296-497C-85DD-DF2C561ED726}"
EndProject
Project("{9A19103F-16F7-4668-BE54-9A1E7A4F7556}") = "JDC.IntegrationTests", "JDC.IntegrationTests\JDC.IntegrationTests.csproj", "{9F0CABC1-A04E-42B9-85E2-C632992965E5}"
EndProject
Project("{FAE04EC0-301F-11D3-BF4B-00C04F79EFBC}") = "JDC.AutomatedUITests", "JDC.AutomatedUITests\JDC.AutomatedUITests.csproj", "{0CFE6019-E7D8-4B6B-BE98-8BB3A48C6552}"
EndProject
Global
	GlobalSection(SolutionConfigurationPlatforms) = preSolution
		Debug|Any CPU = Debug|Any CPU
		Release|Any CPU = Release|Any CPU
	EndGlobalSection
	GlobalSection(ProjectConfigurationPlatforms) = postSolution
		{6013BDE3-B3A3-4DD9-A156-01D62C058AFC}.Debug|Any CPU.ActiveCfg = Debug|Any CPU
		{6013BDE3-B3A3-4DD9-A156-01D62C058AFC}.Debug|Any CPU.Build.0 = Debug|Any CPU
		{6013BDE3-B3A3-4DD9-A156-01D62C058AFC}.Release|Any CPU.ActiveCfg = Release|Any CPU
		{6013BDE3-B3A3-4DD9-A156-01D62C058AFC}.Release|Any CPU.Build.0 = Release|Any CPU
		{DC188937-DEDD-4056-947D-08A5B9E9B7F1}.Debug|Any CPU.ActiveCfg = Debug|Any CPU
		{DC188937-DEDD-4056-947D-08A5B9E9B7F1}.Debug|Any CPU.Build.0 = Debug|Any CPU
		{DC188937-DEDD-4056-947D-08A5B9E9B7F1}.Release|Any CPU.ActiveCfg = Release|Any CPU
		{DC188937-DEDD-4056-947D-08A5B9E9B7F1}.Release|Any CPU.Build.0 = Release|Any CPU
		{772A0BDA-2A4F-472F-8F92-C75C02CDE102}.Debug|Any CPU.ActiveCfg = Debug|Any CPU
		{772A0BDA-2A4F-472F-8F92-C75C02CDE102}.Debug|Any CPU.Build.0 = Debug|Any CPU
		{772A0BDA-2A4F-472F-8F92-C75C02CDE102}.Release|Any CPU.ActiveCfg = Release|Any CPU
		{772A0BDA-2A4F-472F-8F92-C75C02CDE102}.Release|Any CPU.Build.0 = Release|Any CPU
		{7DA9A023-E5E5-44B1-B9B1-565518F9CF25}.Debug|Any CPU.ActiveCfg = Debug|Any CPU
		{7DA9A023-E5E5-44B1-B9B1-565518F9CF25}.Debug|Any CPU.Build.0 = Debug|Any CPU
		{7DA9A023-E5E5-44B1-B9B1-565518F9CF25}.Release|Any CPU.ActiveCfg = Release|Any CPU
		{7DA9A023-E5E5-44B1-B9B1-565518F9CF25}.Release|Any CPU.Build.0 = Release|Any CPU
		{9540D405-2414-4E54-B70A-B626655D1FBE}.Debug|Any CPU.ActiveCfg = Debug|Any CPU
		{9540D405-2414-4E54-B70A-B626655D1FBE}.Debug|Any CPU.Build.0 = Debug|Any CPU
		{9540D405-2414-4E54-B70A-B626655D1FBE}.Release|Any CPU.ActiveCfg = Release|Any CPU
		{9540D405-2414-4E54-B70A-B626655D1FBE}.Release|Any CPU.Build.0 = Release|Any CPU
		{11FBB0F7-F0B0-4B7C-8F36-00E9F5282691}.Debug|Any CPU.ActiveCfg = Debug|Any CPU
		{11FBB0F7-F0B0-4B7C-8F36-00E9F5282691}.Debug|Any CPU.Build.0 = Debug|Any CPU
		{11FBB0F7-F0B0-4B7C-8F36-00E9F5282691}.Release|Any CPU.ActiveCfg = Release|Any CPU
		{11FBB0F7-F0B0-4B7C-8F36-00E9F5282691}.Release|Any CPU.Build.0 = Release|Any CPU
		{9F0CABC1-A04E-42B9-85E2-C632992965E5}.Debug|Any CPU.ActiveCfg = Debug|Any CPU
		{9F0CABC1-A04E-42B9-85E2-C632992965E5}.Debug|Any CPU.Build.0 = Debug|Any CPU
		{9F0CABC1-A04E-42B9-85E2-C632992965E5}.Release|Any CPU.ActiveCfg = Release|Any CPU
		{9F0CABC1-A04E-42B9-85E2-C632992965E5}.Release|Any CPU.Build.0 = Release|Any CPU
		{0CFE6019-E7D8-4B6B-BE98-8BB3A48C6552}.Debug|Any CPU.ActiveCfg = Debug|Any CPU
		{0CFE6019-E7D8-4B6B-BE98-8BB3A48C6552}.Debug|Any CPU.Build.0 = Debug|Any CPU
		{0CFE6019-E7D8-4B6B-BE98-8BB3A48C6552}.Release|Any CPU.ActiveCfg = Release|Any CPU
		{0CFE6019-E7D8-4B6B-BE98-8BB3A48C6552}.Release|Any CPU.Build.0 = Release|Any CPU
	EndGlobalSection
	GlobalSection(SolutionProperties) = preSolution
		HideSolutionNode = FALSE
	EndGlobalSection
	GlobalSection(NestedProjects) = preSolution
		{6013BDE3-B3A3-4DD9-A156-01D62C058AFC} = {9D4C8490-9CD4-4012-9EC1-47371374BADC}
		{DC188937-DEDD-4056-947D-08A5B9E9B7F1} = {9D4C8490-9CD4-4012-9EC1-47371374BADC}
		{772A0BDA-2A4F-472F-8F92-C75C02CDE102} = {9D4C8490-9CD4-4012-9EC1-47371374BADC}
		{7DA9A023-E5E5-44B1-B9B1-565518F9CF25} = {9D4C8490-9CD4-4012-9EC1-47371374BADC}
		{9540D405-2414-4E54-B70A-B626655D1FBE} = {9D4C8490-9CD4-4012-9EC1-47371374BADC}
		{11FBB0F7-F0B0-4B7C-8F36-00E9F5282691} = {BDC3DB0D-C296-497C-85DD-DF2C561ED726}
		{9F0CABC1-A04E-42B9-85E2-C632992965E5} = {BDC3DB0D-C296-497C-85DD-DF2C561ED726}
		{0CFE6019-E7D8-4B6B-BE98-8BB3A48C6552} = {BDC3DB0D-C296-497C-85DD-DF2C561ED726}
	EndGlobalSection
	GlobalSection(ExtensibilityGlobals) = postSolution
		SolutionGuid = {2BA473E3-203E-4B28-90F8-1018C6A17CBC}
	EndGlobalSection
EndGlobal
